
Microsoft Visual Studio Solution File, Format Version 12.00
# Visual Studio 15
VisualStudioVersion = 15.0.26730.10
MinimumVisualStudioVersion = 10.0.40219.1
Project("{FAE04EC0-301F-11D3-BF4B-00C04F79EFBC}") = "HenriquedePaula", "HenriquedePaula\HenriquedePaula.csproj", "{B6F1C198-FB6F-4B5C-9C93-D84563104224}"
EndProject
Global
	GlobalSection(SolutionConfigurationPlatforms) = preSolution
		Debug|Any CPU = Debug|Any CPU
		Release|Any CPU = Release|Any CPU
	EndGlobalSection
	GlobalSection(ProjectConfigurationPlatforms) = postSolution
		{B6F1C198-FB6F-4B5C-9C93-D84563104224}.Debug|Any CPU.ActiveCfg = Debug|Any CPU
		{B6F1C198-FB6F-4B5C-9C93-D84563104224}.Debug|Any CPU.Build.0 = Debug|Any CPU
		{B6F1C198-FB6F-4B5C-9C93-D84563104224}.Release|Any CPU.ActiveCfg = Release|Any CPU
		{B6F1C198-FB6F-4B5C-9C93-D84563104224}.Release|Any CPU.Build.0 = Release|Any CPU
	EndGlobalSection
	GlobalSection(SolutionProperties) = preSolution
		HideSolutionNode = FALSE
	EndGlobalSection
	GlobalSection(ExtensibilityGlobals) = postSolution
		SolutionGuid = {92A284D7-0B5F-46DF-8A40-7E6852E3E3F5}
	EndGlobalSection
EndGlobal
